
Microsoft Visual Studio Solution File, Format Version 12.00
# Visual Studio Version 16
VisualStudioVersion = 16.0.30128.74
MinimumVisualStudioVersion = 10.0.40219.1
Project("{FAE04EC0-301F-11D3-BF4B-00C04F79EFBC}") = "MicroServices", "MicroServices\MicroServices.csproj", "{ECF832C0-4F5C-4B54-98CE-42559CE34A3A}"
EndProject
Global
	GlobalSection(SolutionConfigurationPlatforms) = preSolution
		Debug|Any CPU = Debug|Any CPU
		Release|Any CPU = Release|Any CPU
	EndGlobalSection
	GlobalSection(ProjectConfigurationPlatforms) = postSolution
		{ECF832C0-4F5C-4B54-98CE-42559CE34A3A}.Debug|Any CPU.ActiveCfg = Debug|Any CPU
		{ECF832C0-4F5C-4B54-98CE-42559CE34A3A}.Debug|Any CPU.Build.0 = Debug|Any CPU
		{ECF832C0-4F5C-4B54-98CE-42559CE34A3A}.Release|Any CPU.ActiveCfg = Release|Any CPU
		{ECF832C0-4F5C-4B54-98CE-42559CE34A3A}.Release|Any CPU.Build.0 = Release|Any CPU
	EndGlobalSection
	GlobalSection(SolutionProperties) = preSolution
		HideSolutionNode = FALSE
	EndGlobalSection
	GlobalSection(ExtensibilityGlobals) = postSolution
		SolutionGuid = {AE1036A9-ED66-4774-8383-2A97899D0D27}
	EndGlobalSection
EndGlobal
